{
  "name": "grainchain",
  "version": "1.0.0",
  "lockfileVersion": 1,
  "requires": true,
  "dependencies": {
    "ansi": {
      "version": "0.2.1",
      "resolved": "https://registry.npmjs.org/ansi/-/ansi-0.2.1.tgz",
      "integrity": "sha1-OrVo7BjNCrd1PIMRfVfa1oShwBc="
    },
    "ansi-color-table": {
      "version": "1.0.1",
      "resolved": "https://registry.npmjs.org/ansi-color-table/-/ansi-color-table-1.0.1.tgz",
      "integrity": "sha512-rE9DPJ2e+SxSR1ZsFGPvFWooMKr1qZ6KuMsSxGPdkLQC8MezA7X5iNT0dfo0iZLInwK/nGgggypy8VFaF1AvYA==",
      "requires": {
        "ansi": "~0.2.1"
      }
    },
    "ansi-regex": {
      "version": "4.1.0",
      "resolved": "https://registry.npmjs.org/ansi-regex/-/ansi-regex-4.1.0.tgz",
      "integrity": "sha512-1apePfXM1UOSqw0o9IiFAovVz9M5S1Dg+4TrDwfMewQ6p/rmMueb7tWZjQ1rx4Loy1ArBggoqGpfqqdI4rondg=="
    },
    "prompt-sync": {
      "version": "4.2.0",
      "resolved": "https://registry.npmjs.org/prompt-sync/-/prompt-sync-4.2.0.tgz",
      "integrity": "sha512-BuEzzc5zptP5LsgV5MZETjDaKSWfchl5U9Luiu8SKp7iZWD5tZalOxvNcZRwv+d2phNFr8xlbxmFNcRKfJOzJw==",
      "requires": {
        "strip-ansi": "^5.0.0"
      }
    },
    "strip-ansi": {
      "version": "5.2.0",
      "resolved": "https://registry.npmjs.org/strip-ansi/-/strip-ansi-5.2.0.tgz",
      "integrity": "sha512-DuRs1gKbBqsMKIZlrffwlug8MHkcnpjs5VPmL1PAh+mA30U0DTotfDZ0d2UUsXpPmPmMMJ6W773MaA3J+lbiWA==",
      "requires": {
        "ansi-regex": "^4.1.0"
      }
    }
  }
}
